{
  "pins" : [
    {
      "identity" : "hybridcolor",
      "kind" : "remoteSourceControl",
      "location" : "https://github.com/sentryco/HybridColor.git",
      "state" : {
        "branch" : "main",
        "revision" : "6592be98979ff0201e94f0b7a29e98f3c292715b"
      }
    }
  ],
  "version" : 2
}
